// !$*UTF8*$!
{
	archiveVersion = 1;
	classes = {
	};
	objectVersion = 46;
	objects = {

/* Begin PBXBuildFile section */
		21432E7613CE764C0057A8B6 /* Localizable.strings in Resources */ = {isa = PBXBuildFile; fileRef = 21432E7813CE764C0057A8B6 /* Localizable.strings */; };
		21432E7C13CE7ADF0057A8B6 /* Kernel+Localization.rb in Resources */ = {isa = PBXBuildFile; fileRef = 21432E7B13CE7ADF0057A8B6 /* Kernel+Localization.rb */; };
		21CFD83C13CB98E8004838D9 /* Cocoa.framework in Frameworks */ = {isa = PBXBuildFile; fileRef = 21CFD83B13CB98E8004838D9 /* Cocoa.framework */; settings = {ATTRIBUTES = (Required, ); }; };
		21CFD83E13CB98E8004838D9 /* MacRuby.framework in Frameworks */ = {isa = PBXBuildFile; fileRef = 21CFD83D13CB98E8004838D9 /* MacRuby.framework */; };
		21CFD84513CB98E8004838D9 /* InfoPlist.strings in Resources */ = {isa = PBXBuildFile; fileRef = 21CFD84313CB98E8004838D9 /* InfoPlist.strings */; };
		21CFD84813CB98E8004838D9 /* main.m in Sources */ = {isa = PBXBuildFile; fileRef = 21CFD84713CB98E8004838D9 /* main.m */; };
		21CFD84C13CB98E8004838D9 /* MainMenu.xib in Resources */ = {isa = PBXBuildFile; fileRef = 21CFD84A13CB98E8004838D9 /* MainMenu.xib */; };
		21CFD84F13CB98E8004838D9 /* rb_main.rb in Resources */ = {isa = PBXBuildFile; fileRef = 21CFD84E13CB98E8004838D9 /* rb_main.rb */; };
		21CFD85113CB98E8004838D9 /* AppDelegate.rb in Resources */ = {isa = PBXBuildFile; fileRef = 21CFD85013CB98E8004838D9 /* AppDelegate.rb */; };
		21CFD85C13CB99E3004838D9 /* DarkWindow.rb in Resources */ = {isa = PBXBuildFile; fileRef = 21CFD85B13CB99E3004838D9 /* DarkWindow.rb */; };
		21CFD85E13CB9D99004838D9 /* LightView.rb in Resources */ = {isa = PBXBuildFile; fileRef = 21CFD85D13CB9D99004838D9 /* LightView.rb */; };
		21CFD86013CB9E2C004838D9 /* LightController.rb in Resources */ = {isa = PBXBuildFile; fileRef = 21CFD85F13CB9E2C004838D9 /* LightController.rb */; };
		21CFD86213CBA2F9004838D9 /* Lucecita.png in Resources */ = {isa = PBXBuildFile; fileRef = 21CFD86113CBA2F9004838D9 /* Lucecita.png */; };
		21E2E51C13CD397E00CAEC47 /* MLHotkeyControl.rb in Resources */ = {isa = PBXBuildFile; fileRef = 21E2E51B13CD397E00CAEC47 /* MLHotkeyControl.rb */; };
/* End PBXBuildFile section */

/* Begin PBXFileReference section */
		21432E7713CE764C0057A8B6 /* en */ = {isa = PBXFileReference; lastKnownFileType = text.plist.strings; name = en; path = en.lproj/Localizable.strings; sourceTree = "<group>"; };
		21432E7913CE76620057A8B6 /* es */ = {isa = PBXFileReference; lastKnownFileType = text.plist.strings; name = es; path = es.lproj/Localizable.strings; sourceTree = "<group>"; };
		21432E7A13CE77490057A8B6 /* es */ = {isa = PBXFileReference; lastKnownFileType = file.xib; name = es; path = es.lproj/MainMenu.xib; sourceTree = "<group>"; };
		21432E7B13CE7ADF0057A8B6 /* Kernel+Localization.rb */ = {isa = PBXFileReference; fileEncoding = 4; lastKnownFileType = text.script.ruby; path = "Kernel+Localization.rb"; sourceTree = "<group>"; };
		21CFD83713CB98E8004838D9 /* Lucecita.app */ = {isa = PBXFileReference; explicitFileType = wrapper.application; includeInIndex = 0; path = Lucecita.app; sourceTree = BUILT_PRODUCTS_DIR; };
		21CFD83B13CB98E8004838D9 /* Cocoa.framework */ = {isa = PBXFileReference; lastKnownFileType = wrapper.framework; name = Cocoa.framework; path = System/Library/Frameworks/Cocoa.framework; sourceTree = SDKROOT; };
		21CFD83D13CB98E8004838D9 /* MacRuby.framework */ = {isa = PBXFileReference; lastKnownFileType = wrapper.framework; name = MacRuby.framework; path = System/Library/Frameworks/MacRuby.framework; sourceTree = SDKROOT; };
		21CFD84213CB98E8004838D9 /* Lucecita-Info.plist */ = {isa = PBXFileReference; lastKnownFileType = text.plist.xml; path = "Lucecita-Info.plist"; sourceTree = "<group>"; };
		21CFD84413CB98E8004838D9 /* en */ = {isa = PBXFileReference; lastKnownFileType = text.plist.strings; name = en; path = en.lproj/InfoPlist.strings; sourceTree = "<group>"; };
		21CFD84613CB98E8004838D9 /* Lucecita-Prefix.pch */ = {isa = PBXFileReference; lastKnownFileType = sourcecode.c.h; path = "Lucecita-Prefix.pch"; sourceTree = "<group>"; };
		21CFD84713CB98E8004838D9 /* main.m */ = {isa = PBXFileReference; lastKnownFileType = sourcecode.c.objc; path = main.m; sourceTree = "<group>"; };
		21CFD84B13CB98E8004838D9 /* en */ = {isa = PBXFileReference; lastKnownFileType = file.xib; name = en; path = en.lproj/MainMenu.xib; sourceTree = "<group>"; };
		21CFD84E13CB98E8004838D9 /* rb_main.rb */ = {isa = PBXFileReference; lastKnownFileType = text.script.ruby; path = rb_main.rb; sourceTree = "<group>"; };
		21CFD85013CB98E8004838D9 /* AppDelegate.rb */ = {isa = PBXFileReference; lastKnownFileType = text.script.ruby; path = AppDelegate.rb; sourceTree = "<group>"; };
		21CFD85B13CB99E3004838D9 /* DarkWindow.rb */ = {isa = PBXFileReference; fileEncoding = 4; lastKnownFileType = text.script.ruby; path = DarkWindow.rb; sourceTree = "<group>"; };
		21CFD85D13CB9D99004838D9 /* LightView.rb */ = {isa = PBXFileReference; fileEncoding = 4; lastKnownFileType = text.script.ruby; path = LightView.rb; sourceTree = "<group>"; };
		21CFD85F13CB9E2C004838D9 /* LightController.rb */ = {isa = PBXFileReference; fileEncoding = 4; lastKnownFileType = text.script.ruby; path = LightController.rb; sourceTree = "<group>"; };
		21CFD86113CBA2F9004838D9 /* Lucecita.png */ = {isa = PBXFileReference; lastKnownFileType = image.png; path = Lucecita.png; sourceTree = "<group>"; };
		21DF013713CFE63D009DC0A4 /* LICENSE */ = {isa = PBXFileReference; lastKnownFileType = text; path = LICENSE; sourceTree = SOURCE_ROOT; };
		21DF013813CFE63D009DC0A4 /* README */ = {isa = PBXFileReference; lastKnownFileType = text; path = README; sourceTree = SOURCE_ROOT; };
		21E2E51B13CD397E00CAEC47 /* MLHotkeyControl.rb */ = {isa = PBXFileReference; fileEncoding = 4; lastKnownFileType = text.script.ruby; path = MLHotkeyControl.rb; sourceTree = "<group>"; };
/* End PBXFileReference section */

/* Begin PBXFrameworksBuildPhase section */
		21CFD83413CB98E8004838D9 /* Frameworks */ = {
			isa = PBXFrameworksBuildPhase;
			buildActionMask = 2147483647;
			files = (
				21CFD83C13CB98E8004838D9 /* Cocoa.framework in Frameworks */,
				21CFD83E13CB98E8004838D9 /* MacRuby.framework in Frameworks */,
			);
			runOnlyForDeploymentPostprocessing = 0;
		};
/* End PBXFrameworksBuildPhase section */

/* Begin PBXGroup section */
		21CFD82C13CB98E8004838D9 = {
			isa = PBXGroup;
			children = (
				21CFD84013CB98E8004838D9 /* Lucecita */,
				21CFD83A13CB98E8004838D9 /* Frameworks */,
				21CFD83813CB98E8004838D9 /* Products */,
			);
			sourceTree = "<group>";
		};
		21CFD83813CB98E8004838D9 /* Products */ = {
			isa = PBXGroup;
			children = (
				21CFD83713CB98E8004838D9 /* Lucecita.app */,
			);
			name = Products;
			sourceTree = "<group>";
		};
		21CFD83A13CB98E8004838D9 /* Frameworks */ = {
			isa = PBXGroup;
			children = (
				21CFD83B13CB98E8004838D9 /* Cocoa.framework */,
				21CFD83D13CB98E8004838D9 /* MacRuby.framework */,
			);
			name = Frameworks;
			sourceTree = "<group>";
		};
		21CFD84013CB98E8004838D9 /* Lucecita */ = {
			isa = PBXGroup;
			children = (
				21DF013713CFE63D009DC0A4 /* LICENSE */,
				21DF013813CFE63D009DC0A4 /* README */,
				21CFD85A13CB99C5004838D9 /* Classes */,
				21CFD84913CB98E8004838D9 /* Resources */,
				21CFD84D13CB98E8004838D9 /* Other Sources */,
				21CFD84113CB98E8004838D9 /* Supporting Files */,
			);
			path = Lucecita;
			sourceTree = "<group>";
		};
		21CFD84113CB98E8004838D9 /* Supporting Files */ = {
			isa = PBXGroup;
			children = (
				21CFD84213CB98E8004838D9 /* Lucecita-Info.plist */,
				21CFD84313CB98E8004838D9 /* InfoPlist.strings */,
				21CFD84613CB98E8004838D9 /* Lucecita-Prefix.pch */,
				21CFD84713CB98E8004838D9 /* main.m */,
			);
			name = "Supporting Files";
			sourceTree = "<group>";
		};
		21CFD84913CB98E8004838D9 /* Resources */ = {
			isa = PBXGroup;
			children = (
				21CFD84A13CB98E8004838D9 /* MainMenu.xib */,
				21CFD86113CBA2F9004838D9 /* Lucecita.png */,
				21432E7813CE764C0057A8B6 /* Localizable.strings */,
			);
			name = Resources;
			sourceTree = "<group>";
		};
		21CFD84D13CB98E8004838D9 /* Other Sources */ = {
			isa = PBXGroup;
			children = (
				21CFD84E13CB98E8004838D9 /* rb_main.rb */,
			);
			name = "Other Sources";
			sourceTree = "<group>";
		};
		21CFD85A13CB99C5004838D9 /* Classes */ = {
			isa = PBXGroup;
			children = (
				21CFD85013CB98E8004838D9 /* AppDelegate.rb */,
				21CFD85B13CB99E3004838D9 /* DarkWindow.rb */,
				21CFD85D13CB9D99004838D9 /* LightView.rb */,
				21CFD85F13CB9E2C004838D9 /* LightController.rb */,
				21E2E51B13CD397E00CAEC47 /* MLHotkeyControl.rb */,
				21432E7B13CE7ADF0057A8B6 /* Kernel+Localization.rb */,
			);
			name = Classes;
			sourceTree = "<group>";
		};
/* End PBXGroup section */

/* Begin PBXLegacyTarget section */
		21CFD83F13CB98E8004838D9 /* Deployment */ = {
			isa = PBXLegacyTarget;
			buildArgumentsString = "--compile --embed --no-stdlib --bs";
			buildConfigurationList = 21CFD85713CB98E8004838D9 /* Build configuration list for PBXLegacyTarget "Deployment" */;
			buildPhases = (
			);
			buildToolPath = /usr/local/bin/macruby_deploy;
			buildWorkingDirectory = "";
			dependencies = (
			);
			name = Deployment;
			passBuildSettingsInEnvironment = 1;
			productName = Deployment;
		};
/* End PBXLegacyTarget section */

/* Begin PBXNativeTarget section */
		21CFD83613CB98E8004838D9 /* Lucecita */ = {
			isa = PBXNativeTarget;
			buildConfigurationList = 21CFD85413CB98E8004838D9 /* Build configuration list for PBXNativeTarget "Lucecita" */;
			buildPhases = (
				21CFD83313CB98E8004838D9 /* Sources */,
				21CFD83413CB98E8004838D9 /* Frameworks */,
				21CFD83513CB98E8004838D9 /* Resources */,
			);
			buildRules = (
			);
			dependencies = (
			);
			name = Lucecita;
			productName = Lucecita;
			productReference = 21CFD83713CB98E8004838D9 /* Lucecita.app */;
			productType = "com.apple.product-type.application";
		};
/* End PBXNativeTarget section */

/* Begin PBXProject section */
		21CFD82E13CB98E8004838D9 /* Project object */ = {
			isa = PBXProject;
			attributes = {
				ORGANIZATIONNAME = UNAM;
			};
			buildConfigurationList = 21CFD83113CB98E8004838D9 /* Build configuration list for PBXProject "Lucecita" */;
			compatibilityVersion = "Xcode 3.2";
			developmentRegion = English;
			hasScannedForEncodings = 0;
			knownRegions = (
				en,
				es,
				fr,
			);
			mainGroup = 21CFD82C13CB98E8004838D9;
			productRefGroup = 21CFD83813CB98E8004838D9 /* Products */;
			projectDirPath = "";
			projectRoot = "";
			targets = (
				21CFD83613CB98E8004838D9 /* Lucecita */,
				21CFD83F13CB98E8004838D9 /* Deployment */,
			);
		};
/* End PBXProject section */

/* Begin PBXResourcesBuildPhase section */
		21CFD83513CB98E8004838D9 /* Resources */ = {
			isa = PBXResourcesBuildPhase;
			buildActionMask = 2147483647;
			files = (
				21CFD84513CB98E8004838D9 /* InfoPlist.strings in Resources */,
				21CFD84C13CB98E8004838D9 /* MainMenu.xib in Resources */,
				21CFD84F13CB98E8004838D9 /* rb_main.rb in Resources */,
				21CFD85113CB98E8004838D9 /* AppDelegate.rb in Resources */,
				21CFD85C13CB99E3004838D9 /* DarkWindow.rb in Resources */,
				21CFD85E13CB9D99004838D9 /* LightView.rb in Resources */,
				21CFD86013CB9E2C004838D9 /* LightController.rb in Resources */,
				21CFD86213CBA2F9004838D9 /* Lucecita.png in Resources */,
				21E2E51C13CD397E00CAEC47 /* MLHotkeyControl.rb in Resources */,
				21432E7613CE764C0057A8B6 /* Localizable.strings in Resources */,
				21432E7C13CE7ADF0057A8B6 /* Kernel+Localization.rb in Resources */,
			);
			runOnlyForDeploymentPostprocessing = 0;
		};
/* End PBXResourcesBuildPhase section */

/* Begin PBXSourcesBuildPhase section */
		21CFD83313CB98E8004838D9 /* Sources */ = {
			isa = PBXSourcesBuildPhase;
			buildActionMask = 2147483647;
			files = (
				21CFD84813CB98E8004838D9 /* main.m in Sources */,
			);
			runOnlyForDeploymentPostprocessing = 0;
		};
/* End PBXSourcesBuildPhase section */

/* Begin PBXVariantGroup section */
		21432E7813CE764C0057A8B6 /* Localizable.strings */ = {
			isa = PBXVariantGroup;
			children = (
				21432E7713CE764C0057A8B6 /* en */,
				21432E7913CE76620057A8B6 /* es */,
			);
			name = Localizable.strings;
			sourceTree = "<group>";
		};
		21CFD84313CB98E8004838D9 /* InfoPlist.strings */ = {
			isa = PBXVariantGroup;
			children = (
				21CFD84413CB98E8004838D9 /* en */,
			);
			name = InfoPlist.strings;
			sourceTree = "<group>";
		};
		21CFD84A13CB98E8004838D9 /* MainMenu.xib */ = {
			isa = PBXVariantGroup;
			children = (
				21CFD84B13CB98E8004838D9 /* en */,
				21432E7A13CE77490057A8B6 /* es */,
			);
			name = MainMenu.xib;
			sourceTree = "<group>";
		};
/* End PBXVariantGroup section */

/* Begin XCBuildConfiguration section */
		21CFD85213CB98E8004838D9 /* Debug */ = {
			isa = XCBuildConfiguration;
			buildSettings = {
				ARCHS = "$(ARCHS_STANDARD_64_BIT)";
				GCC_C_LANGUAGE_STANDARD = gnu99;
				GCC_OPTIMIZATION_LEVEL = 0;
				GCC_PREPROCESSOR_DEFINITIONS = DEBUG;
				GCC_SYMBOLS_PRIVATE_EXTERN = NO;
				GCC_VERSION = com.apple.compilers.llvm.clang.1_0;
				GCC_WARN_64_TO_32_BIT_CONVERSION = YES;
				GCC_WARN_ABOUT_RETURN_TYPE = YES;
				GCC_WARN_UNUSED_VARIABLE = YES;
				MACOSX_DEPLOYMENT_TARGET = 10.6;
				ONLY_ACTIVE_ARCH = YES;
				SDKROOT = macosx;
			};
			name = Debug;
		};
		21CFD85313CB98E8004838D9 /* Release */ = {
			isa = XCBuildConfiguration;
			buildSettings = {
				ARCHS = "$(ARCHS_STANDARD_64_BIT)";
				GCC_C_LANGUAGE_STANDARD = gnu99;
				GCC_VERSION = com.apple.compilers.llvm.clang.1_0;
				GCC_WARN_64_TO_32_BIT_CONVERSION = YES;
				GCC_WARN_ABOUT_RETURN_TYPE = YES;
				GCC_WARN_UNUSED_VARIABLE = YES;
				MACOSX_DEPLOYMENT_TARGET = 10.6;
				SDKROOT = macosx;
			};
			name = Release;
		};
		21CFD85513CB98E8004838D9 /* Debug */ = {
			isa = XCBuildConfiguration;
			buildSettings = {
				ALWAYS_SEARCH_USER_PATHS = NO;
				ARCHS = "$(ARCHS_STANDARD_64_BIT)";
				COPY_PHASE_STRIP = NO;
				FRAMEWORK_SEARCH_PATHS = (
					"$(inherited)",
					"\"$(SRCROOT)\"",
				);
				GCC_DYNAMIC_NO_PIC = NO;
				GCC_ENABLE_OBJC_EXCEPTIONS = YES;
				GCC_ENABLE_OBJC_GC = required;
				GCC_PRECOMPILE_PREFIX_HEADER = YES;
				GCC_PREFIX_HEADER = "Lucecita/Lucecita-Prefix.pch";
				INFOPLIST_FILE = "Lucecita/Lucecita-Info.plist";
				PRODUCT_NAME = "$(TARGET_NAME)";
				WRAPPER_EXTENSION = app;
			};
			name = Debug;
		};
		21CFD85613CB98E8004838D9 /* Release */ = {
			isa = XCBuildConfiguration;
			buildSettings = {
				ALWAYS_SEARCH_USER_PATHS = NO;
				ARCHS = "$(ARCHS_STANDARD_64_BIT)";
				COPY_PHASE_STRIP = YES;
				DEBUG_INFORMATION_FORMAT = "dwarf-with-dsym";
				FRAMEWORK_SEARCH_PATHS = (
					"$(inherited)",
					"\"$(SRCROOT)\"",
				);
				GCC_ENABLE_OBJC_EXCEPTIONS = YES;
				GCC_ENABLE_OBJC_GC = required;
				GCC_PRECOMPILE_PREFIX_HEADER = YES;
				GCC_PREFIX_HEADER = "Lucecita/Lucecita-Prefix.pch";
				INFOPLIST_FILE = "Lucecita/Lucecita-Info.plist";
				PRODUCT_NAME = "$(TARGET_NAME)";
				WRAPPER_EXTENSION = app;
			};
			name = Release;
		};
		21CFD85813CB98E8004838D9 /* Debug */ = {
			isa = XCBuildConfiguration;
			buildSettings = {
			};
			name = Debug;
		};
		21CFD85913CB98E8004838D9 /* Release */ = {
			isa = XCBuildConfiguration;
			buildSettings = {
			};
			name = Release;
		};
/* End XCBuildConfiguration section */

/* Begin XCConfigurationList section */
		21CFD83113CB98E8004838D9 /* Build configuration list for PBXProject "Lucecita" */ = {
			isa = XCConfigurationList;
			buildConfigurations = (
				21CFD85213CB98E8004838D9 /* Debug */,
				21CFD85313CB98E8004838D9 /* Release */,
			);
			defaultConfigurationIsVisible = 0;
			defaultConfigurationName = Release;
		};
		21CFD85413CB98E8004838D9 /* Build configuration list for PBXNativeTarget "Lucecita" */ = {
			isa = XCConfigurationList;
			buildConfigurations = (
				21CFD85513CB98E8004838D9 /* Debug */,
				21CFD85613CB98E8004838D9 /* Release */,
			);
			defaultConfigurationIsVisible = 0;
			defaultConfigurationName = Release;
		};
		21CFD85713CB98E8004838D9 /* Build configuration list for PBXLegacyTarget "Deployment" */ = {
			isa = XCConfigurationList;
			buildConfigurations = (
				21CFD85813CB98E8004838D9 /* Debug */,
				21CFD85913CB98E8004838D9 /* Release */,
			);
			defaultConfigurationIsVisible = 0;
			defaultConfigurationName = Release;
		};
/* End XCConfigurationList section */
	};
	rootObject = 21CFD82E13CB98E8004838D9 /* Project object */;
}
